
Microsoft Visual Studio Solution File, Format Version 12.00
# Visual Studio Version 17
VisualStudioVersion = 17.5.002.0
MinimumVisualStudioVersion = 10.0.40219.1
Project("{9A19103F-16F7-4668-BE54-9A1E7A4F7556}") = "KeyCheckerApi", "KeyCheckerApi\KeyCheckerApi.csproj", "{2260E7EE-6A59-4B6E-A1C1-982658EA5989}"
EndProject
Global
	GlobalSection(SolutionConfigurationPlatforms) = preSolution
		Debug|Any CPU = Debug|Any CPU
		Release|Any CPU = Release|Any CPU
	EndGlobalSection
	GlobalSection(ProjectConfigurationPlatforms) = postSolution
		{2260E7EE-6A59-4B6E-A1C1-982658EA5989}.Debug|Any CPU.ActiveCfg = Debug|Any CPU
		{2260E7EE-6A59-4B6E-A1C1-982658EA5989}.Debug|Any CPU.Build.0 = Debug|Any CPU
		{2260E7EE-6A59-4B6E-A1C1-982658EA5989}.Release|Any CPU.ActiveCfg = Release|Any CPU
		{2260E7EE-6A59-4B6E-A1C1-982658EA5989}.Release|Any CPU.Build.0 = Release|Any CPU
	EndGlobalSection
	GlobalSection(SolutionProperties) = preSolution
		HideSolutionNode = FALSE
	EndGlobalSection
	GlobalSection(ExtensibilityGlobals) = postSolution
		SolutionGuid = {8C82FB03-89C1-4989-A990-7D846E66B28E}
	EndGlobalSection
EndGlobal
